// !$*UTF8*$!
{
	archiveVersion = 1;
	classes = {
	};
	objectVersion = 56;
	objects = {

/* Begin PBXBuildFile section */
		3629A16229EAEF12009643CE /* MovieListViewController.swift in Sources */ = {isa = PBXBuildFile; fileRef = 3629A16129EAEF12009643CE /* MovieListViewController.swift */; };
		3629A16429EAF978009643CE /* MovieDB.swift in Sources */ = {isa = PBXBuildFile; fileRef = 3629A16329EAF978009643CE /* MovieDB.swift */; };
		3629A16629EAF998009643CE /* Movie.swift in Sources */ = {isa = PBXBuildFile; fileRef = 3629A16529EAF998009643CE /* Movie.swift */; };
		3629A16B29EAFA6A009643CE /* MovieDetailViewController.swift in Sources */ = {isa = PBXBuildFile; fileRef = 3629A16A29EAFA6A009643CE /* MovieDetailViewController.swift */; };
		3629A16D29EB022B009643CE /* MovieCollectionViewCell.swift in Sources */ = {isa = PBXBuildFile; fileRef = 3629A16C29EB022B009643CE /* MovieCollectionViewCell.swift */; };
		3629A17029EB6728009643CE /* movies.json in Resources */ = {isa = PBXBuildFile; fileRef = 3629A16F29EB6728009643CE /* movies.json */; };
		3629A17229EC8897009643CE /* TicketBookViewController.swift in Sources */ = {isa = PBXBuildFile; fileRef = 3629A17129EC8897009643CE /* TicketBookViewController.swift */; };
		366C5D1729CFA038008C2FDD /* AppDelegate.swift in Sources */ = {isa = PBXBuildFile; fileRef = 366C5D1629CFA038008C2FDD /* AppDelegate.swift */; };
		366C5D1929CFA038008C2FDD /* SceneDelegate.swift in Sources */ = {isa = PBXBuildFile; fileRef = 366C5D1829CFA038008C2FDD /* SceneDelegate.swift */; };
		366C5D1B29CFA038008C2FDD /* ViewController.swift in Sources */ = {isa = PBXBuildFile; fileRef = 366C5D1A29CFA038008C2FDD /* ViewController.swift */; };
		366C5D1E29CFA038008C2FDD /* Main.storyboard in Resources */ = {isa = PBXBuildFile; fileRef = 366C5D1C29CFA038008C2FDD /* Main.storyboard */; };
		366C5D2029CFA038008C2FDD /* Assets.xcassets in Resources */ = {isa = PBXBuildFile; fileRef = 366C5D1F29CFA038008C2FDD /* Assets.xcassets */; };
		366C5D2329CFA038008C2FDD /* LaunchScreen.storyboard in Resources */ = {isa = PBXBuildFile; fileRef = 366C5D2129CFA038008C2FDD /* LaunchScreen.storyboard */; };
		36744E3D29E9CBEB00614D39 /* theme.swift in Sources */ = {isa = PBXBuildFile; fileRef = 36744E3C29E9CBEB00614D39 /* theme.swift */; };
		36ADE5F229EC8E4200627048 /* SelectLocationViewController.swift in Sources */ = {isa = PBXBuildFile; fileRef = 36ADE5F129EC8E4200627048 /* SelectLocationViewController.swift */; };
/* End PBXBuildFile section */

/* Begin PBXFileReference section */
		3629A16129EAEF12009643CE /* MovieListViewController.swift */ = {isa = PBXFileReference; lastKnownFileType = sourcecode.swift; path = MovieListViewController.swift; sourceTree = "<group>"; };
		3629A16329EAF978009643CE /* MovieDB.swift */ = {isa = PBXFileReference; lastKnownFileType = sourcecode.swift; path = MovieDB.swift; sourceTree = "<group>"; };
		3629A16529EAF998009643CE /* Movie.swift */ = {isa = PBXFileReference; lastKnownFileType = sourcecode.swift; path = Movie.swift; sourceTree = "<group>"; };
		3629A16A29EAFA6A009643CE /* MovieDetailViewController.swift */ = {isa = PBXFileReference; lastKnownFileType = sourcecode.swift; path = MovieDetailViewController.swift; sourceTree = "<group>"; };
		3629A16C29EB022B009643CE /* MovieCollectionViewCell.swift */ = {isa = PBXFileReference; lastKnownFileType = sourcecode.swift; path = MovieCollectionViewCell.swift; sourceTree = "<group>"; };
		3629A16F29EB6728009643CE /* movies.json */ = {isa = PBXFileReference; fileEncoding = 4; lastKnownFileType = text.json; path = movies.json; sourceTree = "<group>"; };
		3629A17129EC8897009643CE /* TicketBookViewController.swift */ = {isa = PBXFileReference; lastKnownFileType = sourcecode.swift; path = TicketBookViewController.swift; sourceTree = "<group>"; };
		366C5D1329CFA038008C2FDD /* Tickets Here.app */ = {isa = PBXFileReference; explicitFileType = wrapper.application; includeInIndex = 0; path = "Tickets Here.app"; sourceTree = BUILT_PRODUCTS_DIR; };
		366C5D1629CFA038008C2FDD /* AppDelegate.swift */ = {isa = PBXFileReference; lastKnownFileType = sourcecode.swift; path = AppDelegate.swift; sourceTree = "<group>"; };
		366C5D1829CFA038008C2FDD /* SceneDelegate.swift */ = {isa = PBXFileReference; lastKnownFileType = sourcecode.swift; path = SceneDelegate.swift; sourceTree = "<group>"; };
		366C5D1A29CFA038008C2FDD /* ViewController.swift */ = {isa = PBXFileReference; lastKnownFileType = sourcecode.swift; path = ViewController.swift; sourceTree = "<group>"; };
		366C5D1D29CFA038008C2FDD /* Base */ = {isa = PBXFileReference; lastKnownFileType = file.storyboard; name = Base; path = Base.lproj/Main.storyboard; sourceTree = "<group>"; };
		366C5D1F29CFA038008C2FDD /* Assets.xcassets */ = {isa = PBXFileReference; lastKnownFileType = folder.assetcatalog; path = Assets.xcassets; sourceTree = "<group>"; };
		366C5D2229CFA038008C2FDD /* Base */ = {isa = PBXFileReference; lastKnownFileType = file.storyboard; name = Base; path = Base.lproj/LaunchScreen.storyboard; sourceTree = "<group>"; };
		366C5D2429CFA038008C2FDD /* Info.plist */ = {isa = PBXFileReference; lastKnownFileType = text.plist.xml; path = Info.plist; sourceTree = "<group>"; };
		36744E3C29E9CBEB00614D39 /* theme.swift */ = {isa = PBXFileReference; lastKnownFileType = sourcecode.swift; path = theme.swift; sourceTree = "<group>"; };
		36ADE5F129EC8E4200627048 /* SelectLocationViewController.swift */ = {isa = PBXFileReference; lastKnownFileType = sourcecode.swift; path = SelectLocationViewController.swift; sourceTree = "<group>"; };
/* End PBXFileReference section */

/* Begin PBXFrameworksBuildPhase section */
		366C5D1029CFA038008C2FDD /* Frameworks */ = {
			isa = PBXFrameworksBuildPhase;
			buildActionMask = 2147483647;
			files = (
			);
			runOnlyForDeploymentPostprocessing = 0;
		};
/* End PBXFrameworksBuildPhase section */

/* Begin PBXGroup section */
		3629A16029EAEED3009643CE /* ViewControllers */ = {
			isa = PBXGroup;
			children = (
				3629A16129EAEF12009643CE /* MovieListViewController.swift */,
				3629A16A29EAFA6A009643CE /* MovieDetailViewController.swift */,
				3629A17129EC8897009643CE /* TicketBookViewController.swift */,
				36ADE5F129EC8E4200627048 /* SelectLocationViewController.swift */,
			);
			path = ViewControllers;
			sourceTree = "<group>";
		};
		3629A16E29EB17A2009643CE /* CellClasses */ = {
			isa = PBXGroup;
			children = (
				3629A16C29EB022B009643CE /* MovieCollectionViewCell.swift */,
			);
			path = CellClasses;
			sourceTree = "<group>";
		};
		366C5D0A29CFA038008C2FDD = {
			isa = PBXGroup;
			children = (
				366C5D1529CFA038008C2FDD /* Tickets Here */,
				366C5D1429CFA038008C2FDD /* Products */,
			);
			sourceTree = "<group>";
		};
		366C5D1429CFA038008C2FDD /* Products */ = {
			isa = PBXGroup;
			children = (
				366C5D1329CFA038008C2FDD /* Tickets Here.app */,
			);
			name = Products;
			sourceTree = "<group>";
		};
		366C5D1529CFA038008C2FDD /* Tickets Here */ = {
			isa = PBXGroup;
			children = (
				3629A16E29EB17A2009643CE /* CellClasses */,
				3629A16029EAEED3009643CE /* ViewControllers */,
				36744E3B29E9CBD700614D39 /* Utils */,
				366C5D1629CFA038008C2FDD /* AppDelegate.swift */,
				366C5D1829CFA038008C2FDD /* SceneDelegate.swift */,
				366C5D1A29CFA038008C2FDD /* ViewController.swift */,
				366C5D1C29CFA038008C2FDD /* Main.storyboard */,
				366C5D1F29CFA038008C2FDD /* Assets.xcassets */,
				366C5D2129CFA038008C2FDD /* LaunchScreen.storyboard */,
				366C5D2429CFA038008C2FDD /* Info.plist */,
				3629A16329EAF978009643CE /* MovieDB.swift */,
				3629A16529EAF998009643CE /* Movie.swift */,
				3629A16F29EB6728009643CE /* movies.json */,
			);
			path = "Tickets Here";
			sourceTree = "<group>";
		};
		36744E3B29E9CBD700614D39 /* Utils */ = {
			isa = PBXGroup;
			children = (
				36744E3C29E9CBEB00614D39 /* theme.swift */,
			);
			path = Utils;
			sourceTree = "<group>";
		};
/* End PBXGroup section */

/* Begin PBXNativeTarget section */
		366C5D1229CFA038008C2FDD /* Tickets Here */ = {
			isa = PBXNativeTarget;
			buildConfigurationList = 366C5D2729CFA038008C2FDD /* Build configuration list for PBXNativeTarget "Tickets Here" */;
			buildPhases = (
				366C5D0F29CFA038008C2FDD /* Sources */,
				366C5D1029CFA038008C2FDD /* Frameworks */,
				366C5D1129CFA038008C2FDD /* Resources */,
			);
			buildRules = (
			);
			dependencies = (
			);
			name = "Tickets Here";
			productName = "Tickets Here";
			productReference = 366C5D1329CFA038008C2FDD /* Tickets Here.app */;
			productType = "com.apple.product-type.application";
		};
/* End PBXNativeTarget section */

/* Begin PBXProject section */
		366C5D0B29CFA038008C2FDD /* Project object */ = {
			isa = PBXProject;
			attributes = {
				BuildIndependentTargetsInParallel = 1;
				LastSwiftUpdateCheck = 1410;
				LastUpgradeCheck = 1410;
				TargetAttributes = {
					366C5D1229CFA038008C2FDD = {
						CreatedOnToolsVersion = 14.1;
					};
				};
			};
			buildConfigurationList = 366C5D0E29CFA038008C2FDD /* Build configuration list for PBXProject "Tickets Here" */;
			compatibilityVersion = "Xcode 14.0";
			developmentRegion = en;
			hasScannedForEncodings = 0;
			knownRegions = (
				en,
				Base,
			);
			mainGroup = 366C5D0A29CFA038008C2FDD;
			productRefGroup = 366C5D1429CFA038008C2FDD /* Products */;
			projectDirPath = "";
			projectRoot = "";
			targets = (
				366C5D1229CFA038008C2FDD /* Tickets Here */,
			);
		};
/* End PBXProject section */

/* Begin PBXResourcesBuildPhase section */
		366C5D1129CFA038008C2FDD /* Resources */ = {
			isa = PBXResourcesBuildPhase;
			buildActionMask = 2147483647;
			files = (
				366C5D2329CFA038008C2FDD /* LaunchScreen.storyboard in Resources */,
				366C5D2029CFA038008C2FDD /* Assets.xcassets in Resources */,
				3629A17029EB6728009643CE /* movies.json in Resources */,
				366C5D1E29CFA038008C2FDD /* Main.storyboard in Resources */,
			);
			runOnlyForDeploymentPostprocessing = 0;
		};
/* End PBXResourcesBuildPhase section */

/* Begin PBXSourcesBuildPhase section */
		366C5D0F29CFA038008C2FDD /* Sources */ = {
			isa = PBXSourcesBuildPhase;
			buildActionMask = 2147483647;
			files = (
				3629A16629EAF998009643CE /* Movie.swift in Sources */,
				3629A16429EAF978009643CE /* MovieDB.swift in Sources */,
				366C5D1B29CFA038008C2FDD /* ViewController.swift in Sources */,
				3629A16229EAEF12009643CE /* MovieListViewController.swift in Sources */,
				3629A16B29EAFA6A009643CE /* MovieDetailViewController.swift in Sources */,
				36744E3D29E9CBEB00614D39 /* theme.swift in Sources */,
				3629A16D29EB022B009643CE /* MovieCollectionViewCell.swift in Sources */,
				36ADE5F229EC8E4200627048 /* SelectLocationViewController.swift in Sources */,
				3629A17229EC8897009643CE /* TicketBookViewController.swift in Sources */,
				366C5D1729CFA038008C2FDD /* AppDelegate.swift in Sources */,
				366C5D1929CFA038008C2FDD /* SceneDelegate.swift in Sources */,
			);
			runOnlyForDeploymentPostprocessing = 0;
		};
/* End PBXSourcesBuildPhase section */

/* Begin PBXVariantGroup section */
		366C5D1C29CFA038008C2FDD /* Main.storyboard */ = {
			isa = PBXVariantGroup;
			children = (
				366C5D1D29CFA038008C2FDD /* Base */,
			);
			name = Main.storyboard;
			sourceTree = "<group>";
		};
		366C5D2129CFA038008C2FDD /* LaunchScreen.storyboard */ = {
			isa = PBXVariantGroup;
			children = (
				366C5D2229CFA038008C2FDD /* Base */,
			);
			name = LaunchScreen.storyboard;
			sourceTree = "<group>";
		};
/* End PBXVariantGroup section */

/* Begin XCBuildConfiguration section */
		366C5D2529CFA038008C2FDD /* Debug */ = {
			isa = XCBuildConfiguration;
			buildSettings = {
				ALWAYS_SEARCH_USER_PATHS = NO;
				CLANG_ANALYZER_NONNULL = YES;
				CLANG_ANALYZER_NUMBER_OBJECT_CONVERSION = YES_AGGRESSIVE;
				CLANG_CXX_LANGUAGE_STANDARD = "gnu++20";
				CLANG_ENABLE_MODULES = YES;
				CLANG_ENABLE_OBJC_ARC = YES;
				CLANG_ENABLE_OBJC_WEAK = YES;
				CLANG_WARN_BLOCK_CAPTURE_AUTORELEASING = YES;
				CLANG_WARN_BOOL_CONVERSION = YES;
				CLANG_WARN_COMMA = YES;
				CLANG_WARN_CONSTANT_CONVERSION = YES;
				CLANG_WARN_DEPRECATED_OBJC_IMPLEMENTATIONS = YES;
				CLANG_WARN_DIRECT_OBJC_ISA_USAGE = YES_ERROR;
				CLANG_WARN_DOCUMENTATION_COMMENTS = YES;
				CLANG_WARN_EMPTY_BODY = YES;
				CLANG_WARN_ENUM_CONVERSION = YES;
				CLANG_WARN_INFINITE_RECURSION = YES;
				CLANG_WARN_INT_CONVERSION = YES;
				CLANG_WARN_NON_LITERAL_NULL_CONVERSION = YES;
				CLANG_WARN_OBJC_IMPLICIT_RETAIN_SELF = YES;
				CLANG_WARN_OBJC_LITERAL_CONVERSION = YES;
				CLANG_WARN_OBJC_ROOT_CLASS = YES_ERROR;
				CLANG_WARN_QUOTED_INCLUDE_IN_FRAMEWORK_HEADER = YES;
				CLANG_WARN_RANGE_LOOP_ANALYSIS = YES;
				CLANG_WARN_STRICT_PROTOTYPES = YES;
				CLANG_WARN_SUSPICIOUS_MOVE = YES;
				CLANG_WARN_UNGUARDED_AVAILABILITY = YES_AGGRESSIVE;
				CLANG_WARN_UNREACHABLE_CODE = YES;
				CLANG_WARN__DUPLICATE_METHOD_MATCH = YES;
				COPY_PHASE_STRIP = NO;
				DEBUG_INFORMATION_FORMAT = dwarf;
				ENABLE_STRICT_OBJC_MSGSEND = YES;
				ENABLE_TESTABILITY = YES;
				GCC_C_LANGUAGE_STANDARD = gnu11;
				GCC_DYNAMIC_NO_PIC = NO;
				GCC_NO_COMMON_BLOCKS = YES;
				GCC_OPTIMIZATION_LEVEL = 0;
				GCC_PREPROCESSOR_DEFINITIONS = (
					"DEBUG=1",
					"$(inherited)",
				);
				GCC_WARN_64_TO_32_BIT_CONVERSION = YES;
				GCC_WARN_ABOUT_RETURN_TYPE = YES_ERROR;
				GCC_WARN_UNDECLARED_SELECTOR = YES;
				GCC_WARN_UNINITIALIZED_AUTOS = YES_AGGRESSIVE;
				GCC_WARN_UNUSED_FUNCTION = YES;
				GCC_WARN_UNUSED_VARIABLE = YES;
				IPHONEOS_DEPLOYMENT_TARGET = 16.1;
				MTL_ENABLE_DEBUG_INFO = INCLUDE_SOURCE;
				MTL_FAST_MATH = YES;
				ONLY_ACTIVE_ARCH = YES;
				SDKROOT = iphoneos;
				SWIFT_ACTIVE_COMPILATION_CONDITIONS = DEBUG;
				SWIFT_OPTIMIZATION_LEVEL = "-Onone";
			};
			name = Debug;
		};
		366C5D2629CFA038008C2FDD /* Release */ = {
			isa = XCBuildConfiguration;
			buildSettings = {
				ALWAYS_SEARCH_USER_PATHS = NO;
				CLANG_ANALYZER_NONNULL = YES;
				CLANG_ANALYZER_NUMBER_OBJECT_CONVERSION = YES_AGGRESSIVE;
				CLANG_CXX_LANGUAGE_STANDARD = "gnu++20";
				CLANG_ENABLE_MODULES = YES;
				CLANG_ENABLE_OBJC_ARC = YES;
				CLANG_ENABLE_OBJC_WEAK = YES;
				CLANG_WARN_BLOCK_CAPTURE_AUTORELEASING = YES;
				CLANG_WARN_BOOL_CONVERSION = YES;
				CLANG_WARN_COMMA = YES;
				CLANG_WARN_CONSTANT_CONVERSION = YES;
				CLANG_WARN_DEPRECATED_OBJC_IMPLEMENTATIONS = YES;
				CLANG_WARN_DIRECT_OBJC_ISA_USAGE = YES_ERROR;
				CLANG_WARN_DOCUMENTATION_COMMENTS = YES;
				CLANG_WARN_EMPTY_BODY = YES;
				CLANG_WARN_ENUM_CONVERSION = YES;
				CLANG_WARN_INFINITE_RECURSION = YES;
				CLANG_WARN_INT_CONVERSION = YES;
				CLANG_WARN_NON_LITERAL_NULL_CONVERSION = YES;
				CLANG_WARN_OBJC_IMPLICIT_RETAIN_SELF = YES;
				CLANG_WARN_OBJC_LITERAL_CONVERSION = YES;
				CLANG_WARN_OBJC_ROOT_CLASS = YES_ERROR;
				CLANG_WARN_QUOTED_INCLUDE_IN_FRAMEWORK_HEADER = YES;
				CLANG_WARN_RANGE_LOOP_ANALYSIS = YES;
				CLANG_WARN_STRICT_PROTOTYPES = YES;
				CLANG_WARN_SUSPICIOUS_MOVE = YES;
				CLANG_WARN_UNGUARDED_AVAILABILITY = YES_AGGRESSIVE;
				CLANG_WARN_UNREACHABLE_CODE = YES;
				CLANG_WARN__DUPLICATE_METHOD_MATCH = YES;
				COPY_PHASE_STRIP = NO;
				DEBUG_INFORMATION_FORMAT = "dwarf-with-dsym";
				ENABLE_NS_ASSERTIONS = NO;
				ENABLE_STRICT_OBJC_MSGSEND = YES;
				GCC_C_LANGUAGE_STANDARD = gnu11;
				GCC_NO_COMMON_BLOCKS = YES;
				GCC_WARN_64_TO_32_BIT_CONVERSION = YES;
				GCC_WARN_ABOUT_RETURN_TYPE = YES_ERROR;
				GCC_WARN_UNDECLARED_SELECTOR = YES;
				GCC_WARN_UNINITIALIZED_AUTOS = YES_AGGRESSIVE;
				GCC_WARN_UNUSED_FUNCTION = YES;
				GCC_WARN_UNUSED_VARIABLE = YES;
				IPHONEOS_DEPLOYMENT_TARGET = 16.1;
				MTL_ENABLE_DEBUG_INFO = NO;
				MTL_FAST_MATH = YES;
				SDKROOT = iphoneos;
				SWIFT_COMPILATION_MODE = wholemodule;
				SWIFT_OPTIMIZATION_LEVEL = "-O";
				VALIDATE_PRODUCT = YES;
			};
			name = Release;
		};
		366C5D2829CFA038008C2FDD /* Debug */ = {
			isa = XCBuildConfiguration;
			buildSettings = {
				ASSETCATALOG_COMPILER_APPICON_NAME = AppIcon;
				ASSETCATALOG_COMPILER_GLOBAL_ACCENT_COLOR_NAME = AccentColor;
				CODE_SIGN_STYLE = Automatic;
				CURRENT_PROJECT_VERSION = 1;
				DEVELOPMENT_TEAM = 7RFTS9DXCB;
				GENERATE_INFOPLIST_FILE = YES;
				INFOPLIST_FILE = "Tickets Here/Info.plist";
				INFOPLIST_KEY_UIApplicationSupportsIndirectInputEvents = YES;
				INFOPLIST_KEY_UILaunchStoryboardName = LaunchScreen;
				INFOPLIST_KEY_UIMainStoryboardFile = Main;
				INFOPLIST_KEY_UISupportedInterfaceOrientations_iPad = "UIInterfaceOrientationPortrait UIInterfaceOrientationPortraitUpsideDown UIInterfaceOrientationLandscapeLeft UIInterfaceOrientationLandscapeRight";
				INFOPLIST_KEY_UISupportedInterfaceOrientations_iPhone = "UIInterfaceOrientationPortrait UIInterfaceOrientationLandscapeLeft UIInterfaceOrientationLandscapeRight";
				LD_RUNPATH_SEARCH_PATHS = (
					"$(inherited)",
					"@executable_path/Frameworks",
				);
				MARKETING_VERSION = 1.0;
				PRODUCT_BUNDLE_IDENTIFIER = "centennialcollege.Tickets-Here";
				PRODUCT_NAME = "$(TARGET_NAME)";
				SWIFT_EMIT_LOC_STRINGS = YES;
				SWIFT_VERSION = 5.0;
				TARGETED_DEVICE_FAMILY = "1,2";
			};
			name = Debug;
		};
		366C5D2929CFA038008C2FDD /* Release */ = {
			isa = XCBuildConfiguration;
			buildSettings = {
				ASSETCATALOG_COMPILER_APPICON_NAME = AppIcon;
				ASSETCATALOG_COMPILER_GLOBAL_ACCENT_COLOR_NAME = AccentColor;
				CODE_SIGN_STYLE = Automatic;
				CURRENT_PROJECT_VERSION = 1;
				DEVELOPMENT_TEAM = 7RFTS9DXCB;
				GENERATE_INFOPLIST_FILE = YES;
				INFOPLIST_FILE = "Tickets Here/Info.plist";
				INFOPLIST_KEY_UIApplicationSupportsIndirectInputEvents = YES;
				INFOPLIST_KEY_UILaunchStoryboardName = LaunchScreen;
				INFOPLIST_KEY_UIMainStoryboardFile = Main;
				INFOPLIST_KEY_UISupportedInterfaceOrientations_iPad = "UIInterfaceOrientationPortrait UIInterfaceOrientationPortraitUpsideDown UIInterfaceOrientationLandscapeLeft UIInterfaceOrientationLandscapeRight";
				INFOPLIST_KEY_UISupportedInterfaceOrientations_iPhone = "UIInterfaceOrientationPortrait UIInterfaceOrientationLandscapeLeft UIInterfaceOrientationLandscapeRight";
				LD_RUNPATH_SEARCH_PATHS = (
					"$(inherited)",
					"@executable_path/Frameworks",
				);
				MARKETING_VERSION = 1.0;
				PRODUCT_BUNDLE_IDENTIFIER = "centennialcollege.Tickets-Here";
				PRODUCT_NAME = "$(TARGET_NAME)";
				SWIFT_EMIT_LOC_STRINGS = YES;
				SWIFT_VERSION = 5.0;
				TARGETED_DEVICE_FAMILY = "1,2";
			};
			name = Release;
		};
/* End XCBuildConfiguration section */

/* Begin XCConfigurationList section */
		366C5D0E29CFA038008C2FDD /* Build configuration list for PBXProject "Tickets Here" */ = {
			isa = XCConfigurationList;
			buildConfigurations = (
				366C5D2529CFA038008C2FDD /* Debug */,
				366C5D2629CFA038008C2FDD /* Release */,
			);
			defaultConfigurationIsVisible = 0;
			defaultConfigurationName = Release;
		};
		366C5D2729CFA038008C2FDD /* Build configuration list for PBXNativeTarget "Tickets Here" */ = {
			isa = XCConfigurationList;
			buildConfigurations = (
				366C5D2829CFA038008C2FDD /* Debug */,
				366C5D2929CFA038008C2FDD /* Release */,
			);
			defaultConfigurationIsVisible = 0;
			defaultConfigurationName = Release;
		};
/* End XCConfigurationList section */
	};
	rootObject = 366C5D0B29CFA038008C2FDD /* Project object */;
}
